{
  "name": "Taqueria",
  "lockfileVersion": 2,
  "requires": true,
  "packages": {
    "": {
      "dependencies": {
        "@glidejs/glide": "^3.6.0",
        "imagehover.css": "^2.0.0",
        "markdown": "^0.5.0",
        "sweetalert2": "^11.7.12"
      },
      "devDependencies": {
        "@iconify/react": "^4.1.1"
      }
    },
    "node_modules/@glidejs/glide": {
      "version": "3.6.0",
      "resolved": "https://registry.npmjs.org/@glidejs/glide/-/glide-3.6.0.tgz",
      "integrity": "sha512-47Aa+JmYjY4xTFpTtYCwrqirmI1arnp1UZETwtWpbTPisXUAuxrdJxKJLH8KHFWMsSrLi9+AcfyfzDIuO75rEA=="
    },
    "node_modules/@iconify/react": {
      "version": "4.1.1",
      "resolved": "https://registry.npmjs.org/@iconify/react/-/react-4.1.1.tgz",
      "integrity": "sha512-jed14EjvKjee8mc0eoscGxlg7mSQRkwQG3iX3cPBCO7UlOjz0DtlvTqxqEcHUJGh+z1VJ31Yhu5B9PxfO0zbdg==",
      "dev": true,
      "dependencies": {
        "@iconify/types": "^2.0.0"
      },
      "funding": {
        "url": "https://github.com/sponsors/cyberalien"
      },
      "peerDependencies": {
        "react": ">=16"
      }
    },
    "node_modules/@iconify/types": {
      "version": "2.0.0",
      "resolved": "https://registry.npmjs.org/@iconify/types/-/types-2.0.0.tgz",
      "integrity": "sha512-+wluvCrRhXrhyOmRDJ3q8mux9JkKy5SJ/v8ol2tu4FVjyYvtEzkc/3pK15ET6RKg4b4w4BmTk1+gsCUhf21Ykg==",
      "dev": true
    },
    "node_modules/abbrev": {
      "version": "1.1.1",
      "resolved": "https://registry.npmjs.org/abbrev/-/abbrev-1.1.1.tgz",
      "integrity": "sha512-nne9/IiQ/hzIhY6pdDnbBtz7DjPTKrY00P/zvPSm5pOFkl6xuGrGnXn/VtTNNfNtAfZ9/1RtehkszU9qcTii0Q=="
    },
    "node_modules/imagehover.css": {
      "version": "2.0.0",
      "resolved": "https://registry.npmjs.org/imagehover.css/-/imagehover.css-2.0.0.tgz",
      "integrity": "sha512-8EtloLABqF+UUj45O+Y0fSuA7CItsxjDTjJu552IW0N2NNAfpWJWfTDP85SGIZZlus5nDzkaMRC57hUWAW72og=="
    },
    "node_modules/js-tokens": {
      "version": "4.0.0",
      "resolved": "https://registry.npmjs.org/js-tokens/-/js-tokens-4.0.0.tgz",
      "integrity": "sha512-RdJUflcE3cUzKiMqQgsCu06FPu9UdIJO0beYbPhHN4k6apgJtifcoCtT9bcxOpYBtpD2kCM6Sbzg4CausW/PKQ==",
      "dev": true,
      "peer": true
    },
    "node_modules/loose-envify": {
      "version": "1.4.0",
      "resolved": "https://registry.npmjs.org/loose-envify/-/loose-envify-1.4.0.tgz",
      "integrity": "sha512-lyuxPGr/Wfhrlem2CL/UcnUc1zcqKAImBDzukY7Y5F/yQiNdko6+fRLevlw1HgMySw7f611UIY408EtxRSoK3Q==",
      "dev": true,
      "peer": true,
      "dependencies": {
        "js-tokens": "^3.0.0 || ^4.0.0"
      },
      "bin": {
        "loose-envify": "cli.js"
      }
    },
    "node_modules/markdown": {
      "version": "0.5.0",
      "resolved": "https://registry.npmjs.org/markdown/-/markdown-0.5.0.tgz",
      "integrity": "sha512-ctGPIcuqsYoJ493sCtFK7H4UEgMWAUdXeBhPbdsg1W0LsV9yJELAHRsMmWfTgao6nH0/x5gf9FmsbxiXnrgaIQ==",
      "dependencies": {
        "nopt": "~2.1.1"
      },
      "bin": {
        "md2html": "bin/md2html.js"
      },
      "engines": {
        "node": "*"
      }
    },
    "node_modules/nopt": {
      "version": "2.1.2",
      "resolved": "https://registry.npmjs.org/nopt/-/nopt-2.1.2.tgz",
      "integrity": "sha512-x8vXm7BZ2jE1Txrxh/hO74HTuYZQEbo8edoRcANgdZ4+PCV+pbjd/xdummkmjjC7LU5EjPzlu8zEq/oxWylnKA==",
      "dependencies": {
        "abbrev": "1"
      },
      "bin": {
        "nopt": "bin/nopt.js"
      }
    },
    "node_modules/react": {
      "version": "18.2.0",
      "resolved": "https://registry.npmjs.org/react/-/react-18.2.0.tgz",
      "integrity": "sha512-/3IjMdb2L9QbBdWiW5e3P2/npwMBaU9mHCSCUzNln0ZCYbcfTsGbTJrU/kGemdH2IWmB2ioZ+zkxtmq6g09fGQ==",
      "dev": true,
      "peer": true,
      "dependencies": {
        "loose-envify": "^1.1.0"
      },
      "engines": {
        "node": ">=0.10.0"
      }
    },
    "node_modules/sweetalert2": {
      "version": "11.7.12",
      "resolved": "https://registry.npmjs.org/sweetalert2/-/sweetalert2-11.7.12.tgz",
      "integrity": "sha512-TQJy8mQymJLzqWPQOMQErd81Zd/rSYr0UL4pEc7bqEihtjS+zt7LWJXLhfPp93e+Hf3Z2FHMB6QGNskAMCsdTg==",
      "funding": {
        "type": "individual",
        "url": "https://github.com/sponsors/limonte"
      }
    }
  },
  "dependencies": {
    "@glidejs/glide": {
      "version": "3.6.0",
      "resolved": "https://registry.npmjs.org/@glidejs/glide/-/glide-3.6.0.tgz",
      "integrity": "sha512-47Aa+JmYjY4xTFpTtYCwrqirmI1arnp1UZETwtWpbTPisXUAuxrdJxKJLH8KHFWMsSrLi9+AcfyfzDIuO75rEA=="
    },
    "@iconify/react": {
      "version": "4.1.1",
      "resolved": "https://registry.npmjs.org/@iconify/react/-/react-4.1.1.tgz",
      "integrity": "sha512-jed14EjvKjee8mc0eoscGxlg7mSQRkwQG3iX3cPBCO7UlOjz0DtlvTqxqEcHUJGh+z1VJ31Yhu5B9PxfO0zbdg==",
      "dev": true,
      "requires": {
        "@iconify/types": "^2.0.0"
      }
    },
    "@iconify/types": {
      "version": "2.0.0",
      "resolved": "https://registry.npmjs.org/@iconify/types/-/types-2.0.0.tgz",
      "integrity": "sha512-+wluvCrRhXrhyOmRDJ3q8mux9JkKy5SJ/v8ol2tu4FVjyYvtEzkc/3pK15ET6RKg4b4w4BmTk1+gsCUhf21Ykg==",
      "dev": true
    },
    "abbrev": {
      "version": "1.1.1",
      "resolved": "https://registry.npmjs.org/abbrev/-/abbrev-1.1.1.tgz",
      "integrity": "sha512-nne9/IiQ/hzIhY6pdDnbBtz7DjPTKrY00P/zvPSm5pOFkl6xuGrGnXn/VtTNNfNtAfZ9/1RtehkszU9qcTii0Q=="
    },
    "imagehover.css": {
      "version": "2.0.0",
      "resolved": "https://registry.npmjs.org/imagehover.css/-/imagehover.css-2.0.0.tgz",
      "integrity": "sha512-8EtloLABqF+UUj45O+Y0fSuA7CItsxjDTjJu552IW0N2NNAfpWJWfTDP85SGIZZlus5nDzkaMRC57hUWAW72og=="
    },
    "js-tokens": {
      "version": "4.0.0",
      "resolved": "https://registry.npmjs.org/js-tokens/-/js-tokens-4.0.0.tgz",
      "integrity": "sha512-RdJUflcE3cUzKiMqQgsCu06FPu9UdIJO0beYbPhHN4k6apgJtifcoCtT9bcxOpYBtpD2kCM6Sbzg4CausW/PKQ==",
      "dev": true,
      "peer": true
    },
    "loose-envify": {
      "version": "1.4.0",
      "resolved": "https://registry.npmjs.org/loose-envify/-/loose-envify-1.4.0.tgz",
      "integrity": "sha512-lyuxPGr/Wfhrlem2CL/UcnUc1zcqKAImBDzukY7Y5F/yQiNdko6+fRLevlw1HgMySw7f611UIY408EtxRSoK3Q==",
      "dev": true,
      "peer": true,
      "requires": {
        "js-tokens": "^3.0.0 || ^4.0.0"
      }
    },
    "markdown": {
      "version": "0.5.0",
      "resolved": "https://registry.npmjs.org/markdown/-/markdown-0.5.0.tgz",
      "integrity": "sha512-ctGPIcuqsYoJ493sCtFK7H4UEgMWAUdXeBhPbdsg1W0LsV9yJELAHRsMmWfTgao6nH0/x5gf9FmsbxiXnrgaIQ==",
      "requires": {
        "nopt": "~2.1.1"
      }
    },
    "nopt": {
      "version": "2.1.2",
      "resolved": "https://registry.npmjs.org/nopt/-/nopt-2.1.2.tgz",
      "integrity": "sha512-x8vXm7BZ2jE1Txrxh/hO74HTuYZQEbo8edoRcANgdZ4+PCV+pbjd/xdummkmjjC7LU5EjPzlu8zEq/oxWylnKA==",
      "requires": {
        "abbrev": "1"
      }
    },
    "react": {
      "version": "18.2.0",
      "resolved": "https://registry.npmjs.org/react/-/react-18.2.0.tgz",
      "integrity": "sha512-/3IjMdb2L9QbBdWiW5e3P2/npwMBaU9mHCSCUzNln0ZCYbcfTsGbTJrU/kGemdH2IWmB2ioZ+zkxtmq6g09fGQ==",
      "dev": true,
      "peer": true,
      "requires": {
        "loose-envify": "^1.1.0"
      }
    },
    "sweetalert2": {
      "version": "11.7.12",
      "resolved": "https://registry.npmjs.org/sweetalert2/-/sweetalert2-11.7.12.tgz",
      "integrity": "sha512-TQJy8mQymJLzqWPQOMQErd81Zd/rSYr0UL4pEc7bqEihtjS+zt7LWJXLhfPp93e+Hf3Z2FHMB6QGNskAMCsdTg=="
    }
  }
}
